Microsoft Visual Studio Solution File, Format Version 12.00
# Visual Studio Version 17
VisualStudioVersion = 17.13.35825.156
MinimumVisualStudioVersion = 10.0.40219.1
Project("{FAE04EC0-301F-11D3-BF4B-00C04F79EFBC}") = "ContainerUpdater", "ContainerUpdater.csproj", "{465B7940-4DF0-13AA-1F4C-BBC8E65CAE2F}"
EndProject
Global
	GlobalSection(SolutionConfigurationPlatforms) = preSolution
		Debug|Any CPU = Debug|Any CPU
		Release|Any CPU = Release|Any CPU
	EndGlobalSection
	GlobalSection(ProjectConfigurationPlatforms) = postSolution
		{465B7940-4DF0-13AA-1F4C-BBC8E65CAE2F}.Debug|Any CPU.ActiveCfg = Debug|Any CPU
		{465B7940-4DF0-13AA-1F4C-BBC8E65CAE2F}.Debug|Any CPU.Build.0 = Debug|Any CPU
		{465B7940-4DF0-13AA-1F4C-BBC8E65CAE2F}.Release|Any CPU.ActiveCfg = Release|Any CPU
		{465B7940-4DF0-13AA-1F4C-BBC8E65CAE2F}.Release|Any CPU.Build.0 = Release|Any CPU
	EndGlobalSection
	GlobalSection(SolutionProperties) = preSolution
		HideSolutionNode = FALSE
	EndGlobalSection
	GlobalSection(ExtensibilityGlobals) = postSolution
		SolutionGuid = {68DDB78B-1796-4480-91FF-23341A6BAA14}
	EndGlobalSection
EndGlobal
